
Microsoft Visual Studio Solution File, Format Version 12.00
# Visual Studio 15
VisualStudioVersion = 15.0.27130.2003
MinimumVisualStudioVersion = 10.0.40219.1
Project("{FAE04EC0-301F-11D3-BF4B-00C04F79EFBC}") = "ItemEditor", "ItemEditor\ItemEditor.csproj", "{63B4D42D-FFDF-464F-8F58-B75A4E84BD6B}"
EndProject
Global
	GlobalSection(SolutionConfigurationPlatforms) = preSolution
		Debug|Any CPU = Debug|Any CPU
		Release|Any CPU = Release|Any CPU
	EndGlobalSection
	GlobalSection(ProjectConfigurationPlatforms) = postSolution
		{63B4D42D-FFDF-464F-8F58-B75A4E84BD6B}.Debug|Any CPU.ActiveCfg = Debug|Any CPU
		{63B4D42D-FFDF-464F-8F58-B75A4E84BD6B}.Debug|Any CPU.Build.0 = Debug|Any CPU
		{63B4D42D-FFDF-464F-8F58-B75A4E84BD6B}.Release|Any CPU.ActiveCfg = Release|Any CPU
		{63B4D42D-FFDF-464F-8F58-B75A4E84BD6B}.Release|Any CPU.Build.0 = Release|Any CPU
	EndGlobalSection
	GlobalSection(SolutionProperties) = preSolution
		HideSolutionNode = FALSE
	EndGlobalSection
	GlobalSection(ExtensibilityGlobals) = postSolution
		SolutionGuid = {262F5DD2-A46F-4524-B934-E809FE1682B5}
	EndGlobalSection
EndGlobal
